
Microsoft Visual Studio Solution File, Format Version 12.00
# Visual Studio Version 17
VisualStudioVersion = 17.9.34607.119
MinimumVisualStudioVersion = 10.0.40219.1
Project("{9A19103F-16F7-4668-BE54-9A1E7A4F7556}") = "IssueManagerLibrary", "IssueManagerLibrary\IssueManagerLibrary.csproj", "{6028D86D-8942-4385-BE31-CE0AE7075967}"
EndProject
Project("{9A19103F-16F7-4668-BE54-9A1E7A4F7556}") = "IssueManagerConsoleApp", "IssueManagerConsoleApp\IssueManagerConsoleApp.csproj", "{BD66CDE8-C81D-403E-846B-526714A91AA3}"
EndProject
Global
	GlobalSection(SolutionConfigurationPlatforms) = preSolution
		Debug|Any CPU = Debug|Any CPU
		Release|Any CPU = Release|Any CPU
	EndGlobalSection
	GlobalSection(ProjectConfigurationPlatforms) = postSolution
		{6028D86D-8942-4385-BE31-CE0AE7075967}.Debug|Any CPU.ActiveCfg = Debug|Any CPU
		{6028D86D-8942-4385-BE31-CE0AE7075967}.Debug|Any CPU.Build.0 = Debug|Any CPU
		{6028D86D-8942-4385-BE31-CE0AE7075967}.Release|Any CPU.ActiveCfg = Release|Any CPU
		{6028D86D-8942-4385-BE31-CE0AE7075967}.Release|Any CPU.Build.0 = Release|Any CPU
		{BD66CDE8-C81D-403E-846B-526714A91AA3}.Debug|Any CPU.ActiveCfg = Debug|Any CPU
		{BD66CDE8-C81D-403E-846B-526714A91AA3}.Debug|Any CPU.Build.0 = Debug|Any CPU
		{BD66CDE8-C81D-403E-846B-526714A91AA3}.Release|Any CPU.ActiveCfg = Release|Any CPU
		{BD66CDE8-C81D-403E-846B-526714A91AA3}.Release|Any CPU.Build.0 = Release|Any CPU
	EndGlobalSection
	GlobalSection(SolutionProperties) = preSolution
		HideSolutionNode = FALSE
	EndGlobalSection
	GlobalSection(ExtensibilityGlobals) = postSolution
		SolutionGuid = {51FD33FA-2F80-49B9-97A4-14E2D57C913A}
	EndGlobalSection
EndGlobal
